
Microsoft Visual Studio Solution File, Format Version 12.00
# Visual Studio Version 16
VisualStudioVersion = 16.0.29926.136
MinimumVisualStudioVersion = 10.0.40219.1
Project("{888888A0-9F3D-457C-B088-3A5042F75D52}") = "Modul4_Kelompok6_Python", "Modul4_Kelompok6_Python\Modul4_Kelompok6_Python.pyproj", "{24B7EDE4-322A-41D4-A4C1-7B635FAF90CB}"
EndProject
Global
	GlobalSection(SolutionConfigurationPlatforms) = preSolution
		Debug|Any CPU = Debug|Any CPU
		Release|Any CPU = Release|Any CPU
	EndGlobalSection
	GlobalSection(ProjectConfigurationPlatforms) = postSolution
		{24B7EDE4-322A-41D4-A4C1-7B635FAF90CB}.Debug|Any CPU.ActiveCfg = Debug|Any CPU
		{24B7EDE4-322A-41D4-A4C1-7B635FAF90CB}.Release|Any CPU.ActiveCfg = Release|Any CPU
	EndGlobalSection
	GlobalSection(SolutionProperties) = preSolution
		HideSolutionNode = FALSE
	EndGlobalSection
	GlobalSection(ExtensibilityGlobals) = postSolution
		SolutionGuid = {C79A231A-8D95-4DAB-83D2-AC7235C6DB81}
	EndGlobalSection
EndGlobal
